
Microsoft Visual Studio Solution File, Format Version 12.00
# Visual Studio Version 16
VisualStudioVersion = 16.0.30717.126
MinimumVisualStudioVersion = 10.0.40219.1
Project("{9A19103F-16F7-4668-BE54-9A1E7A4F7556}") = "UzEx.Dapper.Oracle", "UzEx.Dapper.Oracle\UzEx.Dapper.Oracle.csproj", "{FAF7ACCC-3FD9-440B-B3C6-22CE4E55551D}"
EndProject
Project("{9A19103F-16F7-4668-BE54-9A1E7A4F7556}") = "UzEx.Dapper.Oracle.Tests", "UzEx.Dapper.Oracle.Tests\UzEx.Dapper.Oracle.Tests.csproj", "{5772D8DB-F0BC-4847-B4E4-B8570431AADD}"
EndProject
Project("{FAE04EC0-301F-11D3-BF4B-00C04F79EFBC}") = "UzEx.Dapper.Oracle.Demo", "UzEx.Dapper.Oracle.Demom\UzEx.Dapper.Oracle.Demo.csproj", "{7E376BE9-5968-4141-B98A-12879FADF4A0}"
EndProject
Global
	GlobalSection(SolutionConfigurationPlatforms) = preSolution
		Debug|Any CPU = Debug|Any CPU
		Release|Any CPU = Release|Any CPU
	EndGlobalSection
	GlobalSection(ProjectConfigurationPlatforms) = postSolution
		{FAF7ACCC-3FD9-440B-B3C6-22CE4E55551D}.Debug|Any CPU.ActiveCfg = Debug|Any CPU
		{FAF7ACCC-3FD9-440B-B3C6-22CE4E55551D}.Debug|Any CPU.Build.0 = Debug|Any CPU
		{FAF7ACCC-3FD9-440B-B3C6-22CE4E55551D}.Release|Any CPU.ActiveCfg = Release|Any CPU
		{FAF7ACCC-3FD9-440B-B3C6-22CE4E55551D}.Release|Any CPU.Build.0 = Release|Any CPU
		{5772D8DB-F0BC-4847-B4E4-B8570431AADD}.Debug|Any CPU.ActiveCfg = Debug|Any CPU
		{5772D8DB-F0BC-4847-B4E4-B8570431AADD}.Debug|Any CPU.Build.0 = Debug|Any CPU
		{5772D8DB-F0BC-4847-B4E4-B8570431AADD}.Release|Any CPU.ActiveCfg = Release|Any CPU
		{5772D8DB-F0BC-4847-B4E4-B8570431AADD}.Release|Any CPU.Build.0 = Release|Any CPU
		{7E376BE9-5968-4141-B98A-12879FADF4A0}.Debug|Any CPU.ActiveCfg = Debug|Any CPU
		{7E376BE9-5968-4141-B98A-12879FADF4A0}.Debug|Any CPU.Build.0 = Debug|Any CPU
		{7E376BE9-5968-4141-B98A-12879FADF4A0}.Release|Any CPU.ActiveCfg = Release|Any CPU
		{7E376BE9-5968-4141-B98A-12879FADF4A0}.Release|Any CPU.Build.0 = Release|Any CPU
	EndGlobalSection
	GlobalSection(SolutionProperties) = preSolution
		HideSolutionNode = FALSE
	EndGlobalSection
	GlobalSection(ExtensibilityGlobals) = postSolution
		SolutionGuid = {F61EEFF4-7BC1-4F55-B078-8EC9F3C35EA8}
	EndGlobalSection
EndGlobal
